#MicroXplorer Configuration settings - do not modify
Mcu.Family=STM32F3
ProjectManager.MainLocation=Core/Src
RCC.MCOFreq_Value=64000000
RCC.USART1Freq_Value=32000000
ProjectManager.ProjectFileName=MusicRelay.ioc
USART2.IPParameters=VirtualMode-Asynchronous,BaudRate
RCC.ADC12outputFreq_Value=64000000
RCC.CortexFreq_Value=64000000
Dma.DAC1_CH1.0.Priority=DMA_PRIORITY_HIGH
ProjectManager.KeepUserCode=true
Mcu.UserName=STM32F303K8Tx
Mcu.PinsNb=5
ProjectManager.NoMain=false
RCC.PLLCLKFreq_Value=64000000
RCC.SYSCLKSourceVirtual=RCC_SYSCLKSOURCE_PLLCLK
ProjectManager.functionlistsort=1-MX_GPIO_Init-GPIO-false-HAL-true,2-MX_DMA_Init-DMA-false-HAL-true,3-SystemClock_Config-RCC-false-HAL-false,4-MX_TIM7_Init-TIM7-false-HAL-true,5-MX_USART2_UART_Init-USART2-false-HAL-true,6-MX_DAC1_Init-DAC1-false-HAL-true
DAC1.IPParameters=DAC_Trigger
RCC.RTCFreq_Value=40000
ProjectManager.DefaultFWLocation=true
RCC.HSEPLLFreq_Value=8000000
ProjectManager.DeletePrevious=true
RCC.HSIPLLFreq_Value=4000000
NVIC.TIM7_DAC2_IRQn=true\:0\:0\:false\:false\:true\:true\:true
RCC.APB1CLKDivider=RCC_HCLK_DIV2
NVIC.USART2_IRQn=true\:0\:0\:false\:false\:true\:true\:true
USART2.BaudRate=115200
PinOutPanel.RotationAngle=0
RCC.FamilyName=M
ProjectManager.StackSize=0x400
NVIC.DMA1_Channel3_IRQn=true\:0\:0\:false\:false\:true\:false\:true
VP_TIM7_VS_ClockSourceINT.Mode=Enable_Timer
Mcu.IP4=SYS
RCC.FCLKCortexFreq_Value=64000000
Mcu.IP5=TIM7
Mcu.IP2=NVIC
NVIC.SVCall_IRQn=true\:0\:0\:true\:false\:true\:false\:false
Mcu.IP3=RCC
Mcu.IP0=DAC1
PA15.Locked=true
Mcu.IP1=DMA
Mcu.UserConstants=
ProjectManager.TargetToolchain=STM32CubeIDE
Mcu.ThirdPartyNb=0
SH.COMP_DAC11_group.0=DAC1_OUT1,DAC_OUT1
RCC.HCLKFreq_Value=64000000
Mcu.IPNb=7
ProjectManager.PreviousToolchain=
RCC.APB2TimFreq_Value=64000000
TIM7.Period=64-1
ProjectManager.RegisterCallBack=
RCC.AHBFreq_Value=64000000
RCC.TIM2Freq_Value=64000000
Mcu.Pin0=PA2
Mcu.Pin1=PA4
Mcu.Pin2=PA15
Mcu.Pin3=VP_SYS_VS_Systick
Mcu.Pin4=VP_TIM7_VS_ClockSourceINT
ProjectManager.ProjectBuild=false
RCC.HSE_VALUE=8000000
NVIC.UsageFault_IRQn=true\:0\:0\:false\:false\:true\:false\:false
Dma.DAC1_CH1.0.MemDataAlignment=DMA_MDATAALIGN_HALFWORD
NVIC.DebugMonitor_IRQn=true\:0\:0\:false\:false\:true\:false\:false
TIM7.Prescaler=10-1
board=custom
USART2.VirtualMode-Asynchronous=VM_ASYNC
PA15.Mode=Asynchronous
NVIC.SysTick_IRQn=true\:0\:0\:true\:false\:true\:false\:true
ProjectManager.LastFirmware=true
RCC.PLLMUL=RCC_PLL_MUL16
RCC.VCOOutput2Freq_Value=4000000
ProjectManager.FirmwarePackage=STM32Cube FW_F3 V1.11.2
MxDb.Version=DB.6.0.21
RCC.APB2Freq_Value=64000000
VP_TIM7_VS_ClockSourceINT.Signal=TIM7_VS_ClockSourceINT
Dma.DAC1_CH1.0.RequestParameters=Instance,Direction,PeriphInc,MemInc,PeriphDataAlignment,MemDataAlignment,Mode,Priority
ProjectManager.BackupPrevious=false
TIM7.IPParameters=Prescaler,TIM_MasterOutputTrigger,Period
MxCube.Version=6.2.1
RCC.I2C1Freq_Value=8000000
Dma.DAC1_CH1.0.Mode=DMA_NORMAL
File.Version=6
VP_SYS_VS_Systick.Mode=SysTick
Dma.DAC1_CH1.0.PeriphDataAlignment=DMA_PDATAALIGN_HALFWORD
NVIC.NonMaskableInt_IRQn=true\:0\:0\:false\:false\:true\:false\:false
NVIC.PendSV_IRQn=true\:0\:0\:true\:false\:true\:false\:false
Dma.DAC1_CH1.0.MemInc=DMA_MINC_ENABLE
ProjectManager.FreePins=false
RCC.IPParameters=ADC12outputFreq_Value,AHBFreq_Value,APB1CLKDivider,APB1Freq_Value,APB1TimFreq_Value,APB2Freq_Value,APB2TimFreq_Value,CortexFreq_Value,FCLKCortexFreq_Value,FamilyName,HCLKFreq_Value,HSEPLLFreq_Value,HSE_VALUE,HSIPLLFreq_Value,HSI_VALUE,I2C1Freq_Value,LSI_VALUE,MCOFreq_Value,PLLCLKFreq_Value,PLLMCOFreq_Value,PLLMUL,RTCFreq_Value,RTCHSEDivFreq_Value,SYSCLKFreq_VALUE,SYSCLKSourceVirtual,TIM1Freq_Value,TIM2Freq_Value,USART1Freq_Value,VCOOutput2Freq_Value
ProjectManager.AskForMigrate=true
Mcu.Name=STM32F303K(6-8)Tx
Dma.RequestsNb=1
TIM7.TIM_MasterOutputTrigger=TIM_TRGO_UPDATE
ProjectManager.HalAssertFull=false
RCC.RTCHSEDivFreq_Value=250000
PA2.Signal=USART2_TX
ProjectManager.ProjectName=MusicRelay
ProjectManager.UnderRoot=true
RCC.TIM1Freq_Value=64000000
DAC1.DAC_Trigger=DAC_TRIGGER_T7_TRGO
Mcu.IP6=USART2
RCC.PLLMCOFreq_Value=64000000
ProjectManager.CoupleFile=false
RCC.SYSCLKFreq_VALUE=64000000
PA4.Signal=COMP_DAC11_group
Mcu.Package=LQFP32
NVIC.ForceEnableDMAVector=true
KeepUserPlacement=false
NVIC.MemoryManagement_IRQn=true\:0\:0\:false\:false\:true\:false\:false
ProjectManager.CompilerOptimize=6
ProjectManager.ToolChainLocation=
RCC.LSI_VALUE=40000
VP_SYS_VS_Systick.Signal=SYS_VS_Systick
PA15.Signal=USART2_RX
ProjectManager.HeapSize=0x200
NVIC.HardFault_IRQn=true\:0\:0\:false\:false\:true\:false\:false
Dma.DAC1_CH1.0.Instance=DMA1_Channel3
ProjectManager.ComputerToolchain=false
RCC.HSI_VALUE=8000000
NVIC.PriorityGroup=NVIC_PRIORITYGROUP_4
RCC.APB1TimFreq_Value=64000000
PA2.Mode=Asynchronous
NVIC.BusFault_IRQn=true\:0\:0\:false\:false\:true\:false\:false
SH.COMP_DAC11_group.ConfNb=1
Dma.Request0=DAC1_CH1
RCC.APB1Freq_Value=32000000
ProjectManager.CustomerFirmwarePackage=
ProjectManager.DeviceId=STM32F303K8Tx
Dma.DAC1_CH1.0.Direction=DMA_MEMORY_TO_PERIPH
Dma.DAC1_CH1.0.PeriphInc=DMA_PINC_DISABLE
ProjectManager.LibraryCopy=1
PA2.Locked=true
isbadioc=false
